
Microsoft Visual Studio Solution File, Format Version 12.00
# Visual Studio Version 16
VisualStudioVersion = 16.0.30320.27
MinimumVisualStudioVersion = 15.0.26124.0
Project("{9A19103F-16F7-4668-BE54-9A1E7A4F7556}") = "PhotoOrganizer", "PhotoOrganizer\PhotoOrganizer.csproj", "{22C2B481-36BE-4963-A6CC-C11BD0B5216F}"
EndProject
Project("{9A19103F-16F7-4668-BE54-9A1E7A4F7556}") = "PhotoOrganizerLib", "PhotoOrganizerLib\PhotoOrganizerLib.csproj", "{6331EFD7-1783-4135-BC87-BFEA496092B2}"
EndProject
Project("{9A19103F-16F7-4668-BE54-9A1E7A4F7556}") = "PhotoOrganizerLib.Tests", "PhotoOrganizerLib.Tests\PhotoOrganizerLib.Tests.csproj", "{242DCD8D-C64F-419E-B815-CF736C5FEC1C}"
EndProject
Project("{FAE04EC0-301F-11D3-BF4B-00C04F79EFBC}") = "PhotoOrganizer.Tests", "PhotoOrganizer.Tests\PhotoOrganizer.Tests.csproj", "{CF14CAC9-09DC-44DA-AB1C-6AF005BB92B3}"
EndProject
Global
	GlobalSection(SolutionConfigurationPlatforms) = preSolution
		Debug|Any CPU = Debug|Any CPU
		Debug|x64 = Debug|x64
		Debug|x86 = Debug|x86
		Release|Any CPU = Release|Any CPU
		Release|x64 = Release|x64
		Release|x86 = Release|x86
	EndGlobalSection
	GlobalSection(ProjectConfigurationPlatforms) = postSolution
		{22C2B481-36BE-4963-A6CC-C11BD0B5216F}.Debug|Any CPU.ActiveCfg = Debug|Any CPU
		{22C2B481-36BE-4963-A6CC-C11BD0B5216F}.Debug|Any CPU.Build.0 = Debug|Any CPU
		{22C2B481-36BE-4963-A6CC-C11BD0B5216F}.Debug|x64.ActiveCfg = Debug|Any CPU
		{22C2B481-36BE-4963-A6CC-C11BD0B5216F}.Debug|x64.Build.0 = Debug|Any CPU
		{22C2B481-36BE-4963-A6CC-C11BD0B5216F}.Debug|x86.ActiveCfg = Debug|Any CPU
		{22C2B481-36BE-4963-A6CC-C11BD0B5216F}.Debug|x86.Build.0 = Debug|Any CPU
		{22C2B481-36BE-4963-A6CC-C11BD0B5216F}.Release|Any CPU.ActiveCfg = Release|Any CPU
		{22C2B481-36BE-4963-A6CC-C11BD0B5216F}.Release|Any CPU.Build.0 = Release|Any CPU
		{22C2B481-36BE-4963-A6CC-C11BD0B5216F}.Release|x64.ActiveCfg = Release|Any CPU
		{22C2B481-36BE-4963-A6CC-C11BD0B5216F}.Release|x64.Build.0 = Release|Any CPU
		{22C2B481-36BE-4963-A6CC-C11BD0B5216F}.Release|x86.ActiveCfg = Release|Any CPU
		{22C2B481-36BE-4963-A6CC-C11BD0B5216F}.Release|x86.Build.0 = Release|Any CPU
		{6331EFD7-1783-4135-BC87-BFEA496092B2}.Debug|Any CPU.ActiveCfg = Debug|Any CPU
		{6331EFD7-1783-4135-BC87-BFEA496092B2}.Debug|Any CPU.Build.0 = Debug|Any CPU
		{6331EFD7-1783-4135-BC87-BFEA496092B2}.Debug|x64.ActiveCfg = Debug|Any CPU
		{6331EFD7-1783-4135-BC87-BFEA496092B2}.Debug|x64.Build.0 = Debug|Any CPU
		{6331EFD7-1783-4135-BC87-BFEA496092B2}.Debug|x86.ActiveCfg = Debug|Any CPU
		{6331EFD7-1783-4135-BC87-BFEA496092B2}.Debug|x86.Build.0 = Debug|Any CPU
		{6331EFD7-1783-4135-BC87-BFEA496092B2}.Release|Any CPU.ActiveCfg = Release|Any CPU
		{6331EFD7-1783-4135-BC87-BFEA496092B2}.Release|Any CPU.Build.0 = Release|Any CPU
		{6331EFD7-1783-4135-BC87-BFEA496092B2}.Release|x64.ActiveCfg = Release|Any CPU
		{6331EFD7-1783-4135-BC87-BFEA496092B2}.Release|x64.Build.0 = Release|Any CPU
		{6331EFD7-1783-4135-BC87-BFEA496092B2}.Release|x86.ActiveCfg = Release|Any CPU
		{6331EFD7-1783-4135-BC87-BFEA496092B2}.Release|x86.Build.0 = Release|Any CPU
		{242DCD8D-C64F-419E-B815-CF736C5FEC1C}.Debug|Any CPU.ActiveCfg = Debug|Any CPU
		{242DCD8D-C64F-419E-B815-CF736C5FEC1C}.Debug|Any CPU.Build.0 = Debug|Any CPU
		{242DCD8D-C64F-419E-B815-CF736C5FEC1C}.Debug|x64.ActiveCfg = Debug|Any CPU
		{242DCD8D-C64F-419E-B815-CF736C5FEC1C}.Debug|x64.Build.0 = Debug|Any CPU
		{242DCD8D-C64F-419E-B815-CF736C5FEC1C}.Debug|x86.ActiveCfg = Debug|Any CPU
		{242DCD8D-C64F-419E-B815-CF736C5FEC1C}.Debug|x86.Build.0 = Debug|Any CPU
		{242DCD8D-C64F-419E-B815-CF736C5FEC1C}.Release|Any CPU.ActiveCfg = Release|Any CPU
		{242DCD8D-C64F-419E-B815-CF736C5FEC1C}.Release|Any CPU.Build.0 = Release|Any CPU
		{242DCD8D-C64F-419E-B815-CF736C5FEC1C}.Release|x64.ActiveCfg = Release|Any CPU
		{242DCD8D-C64F-419E-B815-CF736C5FEC1C}.Release|x64.Build.0 = Release|Any CPU
		{242DCD8D-C64F-419E-B815-CF736C5FEC1C}.Release|x86.ActiveCfg = Release|Any CPU
		{242DCD8D-C64F-419E-B815-CF736C5FEC1C}.Release|x86.Build.0 = Release|Any CPU
		{CF14CAC9-09DC-44DA-AB1C-6AF005BB92B3}.Debug|Any CPU.ActiveCfg = Debug|Any CPU
		{CF14CAC9-09DC-44DA-AB1C-6AF005BB92B3}.Debug|Any CPU.Build.0 = Debug|Any CPU
		{CF14CAC9-09DC-44DA-AB1C-6AF005BB92B3}.Debug|x64.ActiveCfg = Debug|Any CPU
		{CF14CAC9-09DC-44DA-AB1C-6AF005BB92B3}.Debug|x64.Build.0 = Debug|Any CPU
		{CF14CAC9-09DC-44DA-AB1C-6AF005BB92B3}.Debug|x86.ActiveCfg = Debug|Any CPU
		{CF14CAC9-09DC-44DA-AB1C-6AF005BB92B3}.Debug|x86.Build.0 = Debug|Any CPU
		{CF14CAC9-09DC-44DA-AB1C-6AF005BB92B3}.Release|Any CPU.ActiveCfg = Release|Any CPU
		{CF14CAC9-09DC-44DA-AB1C-6AF005BB92B3}.Release|Any CPU.Build.0 = Release|Any CPU
		{CF14CAC9-09DC-44DA-AB1C-6AF005BB92B3}.Release|x64.ActiveCfg = Release|Any CPU
		{CF14CAC9-09DC-44DA-AB1C-6AF005BB92B3}.Release|x64.Build.0 = Release|Any CPU
		{CF14CAC9-09DC-44DA-AB1C-6AF005BB92B3}.Release|x86.ActiveCfg = Release|Any CPU
		{CF14CAC9-09DC-44DA-AB1C-6AF005BB92B3}.Release|x86.Build.0 = Release|Any CPU
	EndGlobalSection
	GlobalSection(SolutionProperties) = preSolution
		HideSolutionNode = FALSE
	EndGlobalSection
	GlobalSection(ExtensibilityGlobals) = postSolution
		SolutionGuid = {0DF82937-657B-405A-90B8-8E27E8D957DD}
	EndGlobalSection
EndGlobal
