
Microsoft Visual Studio Solution File, Format Version 12.00
# Visual Studio 15
VisualStudioVersion = 15.0.26124.0
MinimumVisualStudioVersion = 15.0.26124.0
Project("{FAE04EC0-301F-11D3-BF4B-00C04F79EFBC}") = "PhotoOrganizer", "PhotoOrganizer\PhotoOrganizer.csproj", "{22C2B481-36BE-4963-A6CC-C11BD0B5216F}"
EndProject
Project("{FAE04EC0-301F-11D3-BF4B-00C04F79EFBC}") = "PhotoOrganizerLib", "PhotoOrganizerLib\PhotoOrganizerLib.csproj", "{6331EFD7-1783-4135-BC87-BFEA496092B2}"
EndProject
Project("{FAE04EC0-301F-11D3-BF4B-00C04F79EFBC}") = "PhotoOrganizerLib.Tests", "PhotoOrganizerLib.Tests\PhotoOrganizerLib.Tests.csproj", "{242DCD8D-C64F-419E-B815-CF736C5FEC1C}"
EndProject
Global
	GlobalSection(SolutionProperties) = preSolution
		HideSolutionNode = FALSE
	EndGlobalSection
	GlobalSection(SolutionConfigurationPlatforms) = preSolution
		Debug|Any CPU = Debug|Any CPU
		Debug|x64 = Debug|x64
		Debug|x86 = Debug|x86
		Release|Any CPU = Release|Any CPU
		Release|x64 = Release|x64
		Release|x86 = Release|x86
	EndGlobalSection
	GlobalSection(ProjectConfigurationPlatforms) = postSolution
		{0BE178A6-8003-4B9B-BDEC-ACC3923E45A2}.Debug|Any CPU.ActiveCfg = Debug|Any CPU
		{0BE178A6-8003-4B9B-BDEC-ACC3923E45A2}.Debug|Any CPU.Build.0 = Debug|Any CPU
		{0BE178A6-8003-4B9B-BDEC-ACC3923E45A2}.Debug|x64.ActiveCfg = Debug|Any CPU
		{0BE178A6-8003-4B9B-BDEC-ACC3923E45A2}.Debug|x64.Build.0 = Debug|Any CPU
		{0BE178A6-8003-4B9B-BDEC-ACC3923E45A2}.Debug|x86.ActiveCfg = Debug|Any CPU
		{0BE178A6-8003-4B9B-BDEC-ACC3923E45A2}.Debug|x86.Build.0 = Debug|Any CPU
		{0BE178A6-8003-4B9B-BDEC-ACC3923E45A2}.Release|Any CPU.ActiveCfg = Release|Any CPU
		{0BE178A6-8003-4B9B-BDEC-ACC3923E45A2}.Release|Any CPU.Build.0 = Release|Any CPU
		{0BE178A6-8003-4B9B-BDEC-ACC3923E45A2}.Release|x64.ActiveCfg = Release|Any CPU
		{0BE178A6-8003-4B9B-BDEC-ACC3923E45A2}.Release|x64.Build.0 = Release|Any CPU
		{0BE178A6-8003-4B9B-BDEC-ACC3923E45A2}.Release|x86.ActiveCfg = Release|Any CPU
		{0BE178A6-8003-4B9B-BDEC-ACC3923E45A2}.Release|x86.Build.0 = Release|Any CPU
		{C639A4B9-A8EA-460A-96EC-D13CF375BBE1}.Debug|Any CPU.ActiveCfg = Debug|Any CPU
		{C639A4B9-A8EA-460A-96EC-D13CF375BBE1}.Debug|Any CPU.Build.0 = Debug|Any CPU
		{C639A4B9-A8EA-460A-96EC-D13CF375BBE1}.Debug|x64.ActiveCfg = Debug|Any CPU
		{C639A4B9-A8EA-460A-96EC-D13CF375BBE1}.Debug|x64.Build.0 = Debug|Any CPU
		{C639A4B9-A8EA-460A-96EC-D13CF375BBE1}.Debug|x86.ActiveCfg = Debug|Any CPU
		{C639A4B9-A8EA-460A-96EC-D13CF375BBE1}.Debug|x86.Build.0 = Debug|Any CPU
		{C639A4B9-A8EA-460A-96EC-D13CF375BBE1}.Release|Any CPU.ActiveCfg = Release|Any CPU
		{C639A4B9-A8EA-460A-96EC-D13CF375BBE1}.Release|Any CPU.Build.0 = Release|Any CPU
		{C639A4B9-A8EA-460A-96EC-D13CF375BBE1}.Release|x64.ActiveCfg = Release|Any CPU
		{C639A4B9-A8EA-460A-96EC-D13CF375BBE1}.Release|x64.Build.0 = Release|Any CPU
		{C639A4B9-A8EA-460A-96EC-D13CF375BBE1}.Release|x86.ActiveCfg = Release|Any CPU
		{C639A4B9-A8EA-460A-96EC-D13CF375BBE1}.Release|x86.Build.0 = Release|Any CPU
		{235A6035-2CE9-4590-91AC-F8BE7C2D7268}.Debug|Any CPU.ActiveCfg = Debug|Any CPU
		{235A6035-2CE9-4590-91AC-F8BE7C2D7268}.Debug|Any CPU.Build.0 = Debug|Any CPU
		{235A6035-2CE9-4590-91AC-F8BE7C2D7268}.Debug|x64.ActiveCfg = Debug|Any CPU
		{235A6035-2CE9-4590-91AC-F8BE7C2D7268}.Debug|x64.Build.0 = Debug|Any CPU
		{235A6035-2CE9-4590-91AC-F8BE7C2D7268}.Debug|x86.ActiveCfg = Debug|Any CPU
		{235A6035-2CE9-4590-91AC-F8BE7C2D7268}.Debug|x86.Build.0 = Debug|Any CPU
		{235A6035-2CE9-4590-91AC-F8BE7C2D7268}.Release|Any CPU.ActiveCfg = Release|Any CPU
		{235A6035-2CE9-4590-91AC-F8BE7C2D7268}.Release|Any CPU.Build.0 = Release|Any CPU
		{235A6035-2CE9-4590-91AC-F8BE7C2D7268}.Release|x64.ActiveCfg = Release|Any CPU
		{235A6035-2CE9-4590-91AC-F8BE7C2D7268}.Release|x64.Build.0 = Release|Any CPU
		{235A6035-2CE9-4590-91AC-F8BE7C2D7268}.Release|x86.ActiveCfg = Release|Any CPU
		{235A6035-2CE9-4590-91AC-F8BE7C2D7268}.Release|x86.Build.0 = Release|Any CPU
		{22C2B481-36BE-4963-A6CC-C11BD0B5216F}.Debug|Any CPU.ActiveCfg = Debug|Any CPU
		{22C2B481-36BE-4963-A6CC-C11BD0B5216F}.Debug|Any CPU.Build.0 = Debug|Any CPU
		{22C2B481-36BE-4963-A6CC-C11BD0B5216F}.Debug|x64.ActiveCfg = Debug|Any CPU
		{22C2B481-36BE-4963-A6CC-C11BD0B5216F}.Debug|x64.Build.0 = Debug|Any CPU
		{22C2B481-36BE-4963-A6CC-C11BD0B5216F}.Debug|x86.ActiveCfg = Debug|Any CPU
		{22C2B481-36BE-4963-A6CC-C11BD0B5216F}.Debug|x86.Build.0 = Debug|Any CPU
		{22C2B481-36BE-4963-A6CC-C11BD0B5216F}.Release|Any CPU.ActiveCfg = Release|Any CPU
		{22C2B481-36BE-4963-A6CC-C11BD0B5216F}.Release|Any CPU.Build.0 = Release|Any CPU
		{22C2B481-36BE-4963-A6CC-C11BD0B5216F}.Release|x64.ActiveCfg = Release|Any CPU
		{22C2B481-36BE-4963-A6CC-C11BD0B5216F}.Release|x64.Build.0 = Release|Any CPU
		{22C2B481-36BE-4963-A6CC-C11BD0B5216F}.Release|x86.ActiveCfg = Release|Any CPU
		{22C2B481-36BE-4963-A6CC-C11BD0B5216F}.Release|x86.Build.0 = Release|Any CPU
		{6331EFD7-1783-4135-BC87-BFEA496092B2}.Debug|Any CPU.ActiveCfg = Debug|Any CPU
		{6331EFD7-1783-4135-BC87-BFEA496092B2}.Debug|Any CPU.Build.0 = Debug|Any CPU
		{6331EFD7-1783-4135-BC87-BFEA496092B2}.Debug|x64.ActiveCfg = Debug|Any CPU
		{6331EFD7-1783-4135-BC87-BFEA496092B2}.Debug|x64.Build.0 = Debug|Any CPU
		{6331EFD7-1783-4135-BC87-BFEA496092B2}.Debug|x86.ActiveCfg = Debug|Any CPU
		{6331EFD7-1783-4135-BC87-BFEA496092B2}.Debug|x86.Build.0 = Debug|Any CPU
		{6331EFD7-1783-4135-BC87-BFEA496092B2}.Release|Any CPU.ActiveCfg = Release|Any CPU
		{6331EFD7-1783-4135-BC87-BFEA496092B2}.Release|Any CPU.Build.0 = Release|Any CPU
		{6331EFD7-1783-4135-BC87-BFEA496092B2}.Release|x64.ActiveCfg = Release|Any CPU
		{6331EFD7-1783-4135-BC87-BFEA496092B2}.Release|x64.Build.0 = Release|Any CPU
		{6331EFD7-1783-4135-BC87-BFEA496092B2}.Release|x86.ActiveCfg = Release|Any CPU
		{6331EFD7-1783-4135-BC87-BFEA496092B2}.Release|x86.Build.0 = Release|Any CPU
		{242DCD8D-C64F-419E-B815-CF736C5FEC1C}.Debug|Any CPU.ActiveCfg = Debug|Any CPU
		{242DCD8D-C64F-419E-B815-CF736C5FEC1C}.Debug|Any CPU.Build.0 = Debug|Any CPU
		{242DCD8D-C64F-419E-B815-CF736C5FEC1C}.Debug|x64.ActiveCfg = Debug|Any CPU
		{242DCD8D-C64F-419E-B815-CF736C5FEC1C}.Debug|x64.Build.0 = Debug|Any CPU
		{242DCD8D-C64F-419E-B815-CF736C5FEC1C}.Debug|x86.ActiveCfg = Debug|Any CPU
		{242DCD8D-C64F-419E-B815-CF736C5FEC1C}.Debug|x86.Build.0 = Debug|Any CPU
		{242DCD8D-C64F-419E-B815-CF736C5FEC1C}.Release|Any CPU.ActiveCfg = Release|Any CPU
		{242DCD8D-C64F-419E-B815-CF736C5FEC1C}.Release|Any CPU.Build.0 = Release|Any CPU
		{242DCD8D-C64F-419E-B815-CF736C5FEC1C}.Release|x64.ActiveCfg = Release|Any CPU
		{242DCD8D-C64F-419E-B815-CF736C5FEC1C}.Release|x64.Build.0 = Release|Any CPU
		{242DCD8D-C64F-419E-B815-CF736C5FEC1C}.Release|x86.ActiveCfg = Release|Any CPU
		{242DCD8D-C64F-419E-B815-CF736C5FEC1C}.Release|x86.Build.0 = Release|Any CPU
	EndGlobalSection
EndGlobal
